{
    "_readme": [
        "This file locks the dependencies of your project to a known state",
        "Read more about it at https://getcomposer.org/doc/01-basic-usage.md#composer-lock-the-lock-file",
        "This file is @generated automatically"
    ],
    "hash": "1a91a8b7052df0fcf7e2f3ea5b8055dc",
    "content-hash": "e9a24f7107587b5571f8ed7c7e8c0e71",
    "packages": [
        {
            "name": "imagine/imagine",
            "version": "v0.7.1",
            "source": {
                "type": "git",
                "url": "https://github.com/avalanche123/Imagine.git",
                "reference": "a9a702a946073cbca166718f1b02a1e72d742daa"
            },
            "dist": {
                "type": "zip",
                "url": "https://files.phpcomposer.com/files/avalanche123/Imagine/a9a702a946073cbca166718f1b02a1e72d742daa.zip",
                "reference": "a9a702a946073cbca166718f1b02a1e72d742daa",
                "shasum": ""
            },
            "require": {
                "php": ">=5.3.2"
            },
            "require-dev": {
                "sami/sami": "^3.3",
                "symfony/phpunit-bridge": "^3.2"
            },
            "suggest": {
                "ext-gd": "to use the GD implementation",
                "ext-gmagick": "to use the Gmagick implementation",
                "ext-imagick": "to use the Imagick implementation"
            },
            "type": "library",
            "extra": {
                "branch-alias": {
                    "dev-develop": "0.7-dev"
                }
            },
            "autoload": {
                "psr-0": {
                    "Imagine": "lib/"
                }
            },
            "notification-url": "https://packagist.org/downloads/",
            "license": [
                "MIT"
            ],
            "authors": [
                {
                    "name": "Bulat Shakirzyanov",
                    "email": "mallluhuct@gmail.com",
                    "homepage": "http://avalanche123.com"
                }
            ],
            "description": "Image processing for PHP 5.3",
            "homepage": "http://imagine.readthedocs.org/",
            "keywords": [
                "drawing",
                "graphics",
                "image manipulation",
                "image processing"
            ],
            "time": "2017-05-16 10:31:22"
        },
        {
            "name": "phalcon/ide-stubs",
            "version": "v3.3.0",
            "source": {
                "type": "git",
                "url": "https://github.com/phalcon/ide-stubs.git",
                "reference": "e22d3f2c8b1e60a206a88d5dda07ec3e34dece3b"
            },
            "dist": {
                "type": "zip",
                "url": "https://files.phpcomposer.com/files/phalcon/ide-stubs/e22d3f2c8b1e60a206a88d5dda07ec3e34dece3b.zip",
                "reference": "e22d3f2c8b1e60a206a88d5dda07ec3e34dece3b",
                "shasum": ""
            },
            "require": {
                "php": ">=5.3.0"
            },
            "type": "library",
            "notification-url": "https://packagist.org/downloads/",
            "license": [
                "BSD-3-Clause"
            ],
            "authors": [
                {
                    "name": "Phalcon Team",
                    "email": "team@phalconphp.com",
                    "homepage": "https://phalconphp.com/en/team"
                },
                {
                    "name": "Contributors",
                    "homepage": "https://github.com/phalcon/ide-stubs/graphs/contributors"
                }
            ],
            "description": "The most complete Phalcon Framework IDE stubs library which enables autocompletion in modern IDEs.",
            "homepage": "https://phalconphp.com",
            "keywords": [
                "Devtools",
                "Eclipse",
                "autocomplete",
                "ide",
                "netbeans",
                "phalcon",
                "phpstorm",
                "stub",
                "stubs"
            ],
            "time": "2017-12-25 15:12:50"
        }
    ],
    "packages-dev": [],
    "aliases": [],
    "minimum-stability": "stable",
    "stability-flags": [],
    "prefer-stable": false,
    "prefer-lowest": false,
    "platform": [],
    "platform-dev": []
}
